
Microsoft Visual Studio Solution File, Format Version 12.00
# Visual Studio Version 17
VisualStudioVersion = 17.13.35931.197 d17.13
MinimumVisualStudioVersion = 10.0.40219.1
Project("{FAE04EC0-301F-11D3-BF4B-00C04F79EFBC}") = "PocketBoss", "PocketBoss.csproj", "{B7777B77-703E-2C20-BB74-90895194B754}"
EndProject
Global
	GlobalSection(SolutionConfigurationPlatforms) = preSolution
		Debug|Any CPU = Debug|Any CPU
		Release|Any CPU = Release|Any CPU
	EndGlobalSection
	GlobalSection(ProjectConfigurationPlatforms) = postSolution
		{B7777B77-703E-2C20-BB74-90895194B754}.Debug|Any CPU.ActiveCfg = Debug|Any CPU
		{B7777B77-703E-2C20-BB74-90895194B754}.Debug|Any CPU.Build.0 = Debug|Any CPU
		{B7777B77-703E-2C20-BB74-90895194B754}.Release|Any CPU.ActiveCfg = Release|Any CPU
		{B7777B77-703E-2C20-BB74-90895194B754}.Release|Any CPU.Build.0 = Release|Any CPU
	EndGlobalSection
	GlobalSection(SolutionProperties) = preSolution
		HideSolutionNode = FALSE
	EndGlobalSection
	GlobalSection(ExtensibilityGlobals) = postSolution
		SolutionGuid = {27B75090-6A5A-4C09-AF71-25A3C8FC101C}
	EndGlobalSection
EndGlobal
